
Microsoft Visual Studio Solution File, Format Version 12.00
# Visual Studio Version 16
VisualStudioVersion = 16.0.30717.126
MinimumVisualStudioVersion = 10.0.40219.1
Project("{9A19103F-16F7-4668-BE54-9A1E7A4F7556}") = "WebApplication1", "WebApplication1.csproj", "{675D85E9-7C63-4C81-BF47-2258EA9B20BB}"
EndProject
Project("{FAE04EC0-301F-11D3-BF4B-00C04F79EFBC}") = "Calculator.Test", "..\Calculator.Test\Calculator.Test.csproj", "{C8A50A3C-60F7-4FA5-A0D4-9BC0267E84F2}"
EndProject
Global
	GlobalSection(SolutionConfigurationPlatforms) = preSolution
		Debug|Any CPU = Debug|Any CPU
		Release|Any CPU = Release|Any CPU
	EndGlobalSection
	GlobalSection(ProjectConfigurationPlatforms) = postSolution
		{675D85E9-7C63-4C81-BF47-2258EA9B20BB}.Debug|Any CPU.ActiveCfg = Debug|Any CPU
		{675D85E9-7C63-4C81-BF47-2258EA9B20BB}.Debug|Any CPU.Build.0 = Debug|Any CPU
		{675D85E9-7C63-4C81-BF47-2258EA9B20BB}.Release|Any CPU.ActiveCfg = Release|Any CPU
		{675D85E9-7C63-4C81-BF47-2258EA9B20BB}.Release|Any CPU.Build.0 = Release|Any CPU
		{C8A50A3C-60F7-4FA5-A0D4-9BC0267E84F2}.Debug|Any CPU.ActiveCfg = Debug|Any CPU
		{C8A50A3C-60F7-4FA5-A0D4-9BC0267E84F2}.Debug|Any CPU.Build.0 = Debug|Any CPU
		{C8A50A3C-60F7-4FA5-A0D4-9BC0267E84F2}.Release|Any CPU.ActiveCfg = Release|Any CPU
		{C8A50A3C-60F7-4FA5-A0D4-9BC0267E84F2}.Release|Any CPU.Build.0 = Release|Any CPU
	EndGlobalSection
	GlobalSection(SolutionProperties) = preSolution
		HideSolutionNode = FALSE
	EndGlobalSection
	GlobalSection(ExtensibilityGlobals) = postSolution
		SolutionGuid = {5CE74C49-388D-4ED5-AFA3-930254D7A67B}
	EndGlobalSection
EndGlobal
